// !$*UTF8*$!
{
	archiveVersion = 1;
	classes = {
	};
	objectVersion = 46;
	objects = {

/* Begin PBXBuildFile section */
		163D48F11C37DC6000787BBA /* main.m in Sources */ = {isa = PBXBuildFile; fileRef = 163D48F01C37DC6000787BBA /* main.m */; };
		163D48F41C37DC6000787BBA /* AppDelegate.m in Sources */ = {isa = PBXBuildFile; fileRef = 163D48F31C37DC6000787BBA /* AppDelegate.m */; };
		163D48FA1C37DC6000787BBA /* Main.storyboard in Resources */ = {isa = PBXBuildFile; fileRef = 163D48F81C37DC6000787BBA /* Main.storyboard */; };
		163D48FC1C37DC6000787BBA /* Assets.xcassets in Resources */ = {isa = PBXBuildFile; fileRef = 163D48FB1C37DC6000787BBA /* Assets.xcassets */; };
		163D48FF1C37DC6000787BBA /* LaunchScreen.storyboard in Resources */ = {isa = PBXBuildFile; fileRef = 163D48FD1C37DC6000787BBA /* LaunchScreen.storyboard */; };
		163D490A1C37DC6100787BBA /* TaxCalculatorTests.m in Sources */ = {isa = PBXBuildFile; fileRef = 163D49091C37DC6100787BBA /* TaxCalculatorTests.m */; };
		163D49151C37DC6100787BBA /* TaxCalculatorUITests.m in Sources */ = {isa = PBXBuildFile; fileRef = 163D49141C37DC6100787BBA /* TaxCalculatorUITests.m */; };
		163D49241C37DCB600787BBA /* RootViewController.m in Sources */ = {isa = PBXBuildFile; fileRef = 163D49231C37DCB600787BBA /* RootViewController.m */; };
/* End PBXBuildFile section */

/* Begin PBXContainerItemProxy section */
		163D49061C37DC6100787BBA /* PBXContainerItemProxy */ = {
			isa = PBXContainerItemProxy;
			containerPortal = 163D48E41C37DC6000787BBA /* Project object */;
			proxyType = 1;
			remoteGlobalIDString = 163D48EB1C37DC6000787BBA;
			remoteInfo = TaxCalculator;
		};
		163D49111C37DC6100787BBA /* PBXContainerItemProxy */ = {
			isa = PBXContainerItemProxy;
			containerPortal = 163D48E41C37DC6000787BBA /* Project object */;
			proxyType = 1;
			remoteGlobalIDString = 163D48EB1C37DC6000787BBA;
			remoteInfo = TaxCalculator;
		};
/* End PBXContainerItemProxy section */

/* Begin PBXFileReference section */
		163D48EC1C37DC6000787BBA /* TaxCalculator.app */ = {isa = PBXFileReference; explicitFileType = wrapper.application; includeInIndex = 0; path = TaxCalculator.app; sourceTree = BUILT_PRODUCTS_DIR; };
		163D48F01C37DC6000787BBA /* main.m */ = {isa = PBXFileReference; lastKnownFileType = sourcecode.c.objc; path = main.m; sourceTree = "<group>"; };
		163D48F21C37DC6000787BBA /* AppDelegate.h */ = {isa = PBXFileReference; lastKnownFileType = sourcecode.c.h; path = AppDelegate.h; sourceTree = "<group>"; };
		163D48F31C37DC6000787BBA /* AppDelegate.m */ = {isa = PBXFileReference; lastKnownFileType = sourcecode.c.objc; path = AppDelegate.m; sourceTree = "<group>"; };
		163D48F91C37DC6000787BBA /* Base */ = {isa = PBXFileReference; lastKnownFileType = file.storyboard; name = Base; path = Base.lproj/Main.storyboard; sourceTree = "<group>"; };
		163D48FB1C37DC6000787BBA /* Assets.xcassets */ = {isa = PBXFileReference; lastKnownFileType = folder.assetcatalog; path = Assets.xcassets; sourceTree = "<group>"; };
		163D48FE1C37DC6000787BBA /* Base */ = {isa = PBXFileReference; lastKnownFileType = file.storyboard; name = Base; path = Base.lproj/LaunchScreen.storyboard; sourceTree = "<group>"; };
		163D49001C37DC6000787BBA /* Info.plist */ = {isa = PBXFileReference; lastKnownFileType = text.plist.xml; path = Info.plist; sourceTree = "<group>"; };
		163D49051C37DC6100787BBA /* TaxCalculatorTests.xctest */ = {isa = PBXFileReference; explicitFileType = wrapper.cfbundle; includeInIndex = 0; path = TaxCalculatorTests.xctest; sourceTree = BUILT_PRODUCTS_DIR; };
		163D49091C37DC6100787BBA /* TaxCalculatorTests.m */ = {isa = PBXFileReference; lastKnownFileType = sourcecode.c.objc; path = TaxCalculatorTests.m; sourceTree = "<group>"; };
		163D490B1C37DC6100787BBA /* Info.plist */ = {isa = PBXFileReference; lastKnownFileType = text.plist.xml; path = Info.plist; sourceTree = "<group>"; };
		163D49101C37DC6100787BBA /* TaxCalculatorUITests.xctest */ = {isa = PBXFileReference; explicitFileType = wrapper.cfbundle; includeInIndex = 0; path = TaxCalculatorUITests.xctest; sourceTree = BUILT_PRODUCTS_DIR; };
		163D49141C37DC6100787BBA /* TaxCalculatorUITests.m */ = {isa = PBXFileReference; lastKnownFileType = sourcecode.c.objc; path = TaxCalculatorUITests.m; sourceTree = "<group>"; };
		163D49161C37DC6100787BBA /* Info.plist */ = {isa = PBXFileReference; lastKnownFileType = text.plist.xml; path = Info.plist; sourceTree = "<group>"; };
		163D49221C37DCB600787BBA /* RootViewController.h */ = {isa = PBXFileReference; fileEncoding = 4; lastKnownFileType = sourcecode.c.h; name = RootViewController.h; path = ../RootViewController.h; sourceTree = "<group>"; };
		163D49231C37DCB600787BBA /* RootViewController.m */ = {isa = PBXFileReference; fileEncoding = 4; lastKnownFileType = sourcecode.c.objc; name = RootViewController.m; path = ../RootViewController.m; sourceTree = "<group>"; };
/* End PBXFileReference section */

/* Begin PBXFrameworksBuildPhase section */
		163D48E91C37DC6000787BBA /* Frameworks */ = {
			isa = PBXFrameworksBuildPhase;
			buildActionMask = 2147483647;
			files = (
			);
			runOnlyForDeploymentPostprocessing = 0;
		};
		163D49021C37DC6100787BBA /* Frameworks */ = {
			isa = PBXFrameworksBuildPhase;
			buildActionMask = 2147483647;
			files = (
			);
			runOnlyForDeploymentPostprocessing = 0;
		};
		163D490D1C37DC6100787BBA /* Frameworks */ = {
			isa = PBXFrameworksBuildPhase;
			buildActionMask = 2147483647;
			files = (
			);
			runOnlyForDeploymentPostprocessing = 0;
		};
/* End PBXFrameworksBuildPhase section */

/* Begin PBXGroup section */
		163D48E31C37DC6000787BBA = {
			isa = PBXGroup;
			children = (
				163D48EE1C37DC6000787BBA /* TaxCalculator */,
				163D49081C37DC6100787BBA /* TaxCalculatorTests */,
				163D49131C37DC6100787BBA /* TaxCalculatorUITests */,
				163D48ED1C37DC6000787BBA /* Products */,
			);
			sourceTree = "<group>";
		};
		163D48ED1C37DC6000787BBA /* Products */ = {
			isa = PBXGroup;
			children = (
				163D48EC1C37DC6000787BBA /* TaxCalculator.app */,
				163D49051C37DC6100787BBA /* TaxCalculatorTests.xctest */,
				163D49101C37DC6100787BBA /* TaxCalculatorUITests.xctest */,
			);
			name = Products;
			sourceTree = "<group>";
		};
		163D48EE1C37DC6000787BBA /* TaxCalculator */ = {
			isa = PBXGroup;
			children = (
				163D48F21C37DC6000787BBA /* AppDelegate.h */,
				163D48F31C37DC6000787BBA /* AppDelegate.m */,
				163D49221C37DCB600787BBA /* RootViewController.h */,
				163D49231C37DCB600787BBA /* RootViewController.m */,
				163D48F81C37DC6000787BBA /* Main.storyboard */,
				163D48FB1C37DC6000787BBA /* Assets.xcassets */,
				163D48FD1C37DC6000787BBA /* LaunchScreen.storyboard */,
				163D49001C37DC6000787BBA /* Info.plist */,
				163D48EF1C37DC6000787BBA /* Supporting Files */,
			);
			path = TaxCalculator;
			sourceTree = "<group>";
		};
		163D48EF1C37DC6000787BBA /* Supporting Files */ = {
			isa = PBXGroup;
			children = (
				163D48F01C37DC6000787BBA /* main.m */,
			);
			name = "Supporting Files";
			sourceTree = "<group>";
		};
		163D49081C37DC6100787BBA /* TaxCalculatorTests */ = {
			isa = PBXGroup;
			children = (
				163D49091C37DC6100787BBA /* TaxCalculatorTests.m */,
				163D490B1C37DC6100787BBA /* Info.plist */,
			);
			path = TaxCalculatorTests;
			sourceTree = "<group>";
		};
		163D49131C37DC6100787BBA /* TaxCalculatorUITests */ = {
			isa = PBXGroup;
			children = (
				163D49141C37DC6100787BBA /* TaxCalculatorUITests.m */,
				163D49161C37DC6100787BBA /* Info.plist */,
			);
			path = TaxCalculatorUITests;
			sourceTree = "<group>";
		};
/* End PBXGroup section */

/* Begin PBXNativeTarget section */
		163D48EB1C37DC6000787BBA /* TaxCalculator */ = {
			isa = PBXNativeTarget;
			buildConfigurationList = 163D49191C37DC6100787BBA /* Build configuration list for PBXNativeTarget "TaxCalculator" */;
			buildPhases = (
				163D48E81C37DC6000787BBA /* Sources */,
				163D48E91C37DC6000787BBA /* Frameworks */,
				163D48EA1C37DC6000787BBA /* Resources */,
			);
			buildRules = (
			);
			dependencies = (
			);
			name = TaxCalculator;
			productName = TaxCalculator;
			productReference = 163D48EC1C37DC6000787BBA /* TaxCalculator.app */;
			productType = "com.apple.product-type.application";
		};
		163D49041C37DC6100787BBA /* TaxCalculatorTests */ = {
			isa = PBXNativeTarget;
			buildConfigurationList = 163D491C1C37DC6100787BBA /* Build configuration list for PBXNativeTarget "TaxCalculatorTests" */;
			buildPhases = (
				163D49011C37DC6100787BBA /* Sources */,
				163D49021C37DC6100787BBA /* Frameworks */,
				163D49031C37DC6100787BBA /* Resources */,
			);
			buildRules = (
			);
			dependencies = (
				163D49071C37DC6100787BBA /* PBXTargetDependency */,
			);
			name = TaxCalculatorTests;
			productName = TaxCalculatorTests;
			productReference = 163D49051C37DC6100787BBA /* TaxCalculatorTests.xctest */;
			productType = "com.apple.product-type.bundle.unit-test";
		};
		163D490F1C37DC6100787BBA /* TaxCalculatorUITests */ = {
			isa = PBXNativeTarget;
			buildConfigurationList = 163D491F1C37DC6100787BBA /* Build configuration list for PBXNativeTarget "TaxCalculatorUITests" */;
			buildPhases = (
				163D490C1C37DC6100787BBA /* Sources */,
				163D490D1C37DC6100787BBA /* Frameworks */,
				163D490E1C37DC6100787BBA /* Resources */,
			);
			buildRules = (
			);
			dependencies = (
				163D49121C37DC6100787BBA /* PBXTargetDependency */,
			);
			name = TaxCalculatorUITests;
			productName = TaxCalculatorUITests;
			productReference = 163D49101C37DC6100787BBA /* TaxCalculatorUITests.xctest */;
			productType = "com.apple.product-type.bundle.ui-testing";
		};
/* End PBXNativeTarget section */

/* Begin PBXProject section */
		163D48E41C37DC6000787BBA /* Project object */ = {
			isa = PBXProject;
			attributes = {
				LastUpgradeCheck = 0720;
				ORGANIZATIONNAME = NoNonsense;
				TargetAttributes = {
					163D48EB1C37DC6000787BBA = {
						CreatedOnToolsVersion = 7.2;
					};
					163D49041C37DC6100787BBA = {
						CreatedOnToolsVersion = 7.2;
						TestTargetID = 163D48EB1C37DC6000787BBA;
					};
					163D490F1C37DC6100787BBA = {
						CreatedOnToolsVersion = 7.2;
						TestTargetID = 163D48EB1C37DC6000787BBA;
					};
				};
			};
			buildConfigurationList = 163D48E71C37DC6000787BBA /* Build configuration list for PBXProject "TaxCalculator" */;
			compatibilityVersion = "Xcode 3.2";
			developmentRegion = English;
			hasScannedForEncodings = 0;
			knownRegions = (
				en,
				Base,
			);
			mainGroup = 163D48E31C37DC6000787BBA;
			productRefGroup = 163D48ED1C37DC6000787BBA /* Products */;
			projectDirPath = "";
			projectRoot = "";
			targets = (
				163D48EB1C37DC6000787BBA /* TaxCalculator */,
				163D49041C37DC6100787BBA /* TaxCalculatorTests */,
				163D490F1C37DC6100787BBA /* TaxCalculatorUITests */,
			);
		};
/* End PBXProject section */

/* Begin PBXResourcesBuildPhase section */
		163D48EA1C37DC6000787BBA /* Resources */ = {
			isa = PBXResourcesBuildPhase;
			buildActionMask = 2147483647;
			files = (
				163D48FF1C37DC6000787BBA /* LaunchScreen.storyboard in Resources */,
				163D48FC1C37DC6000787BBA /* Assets.xcassets in Resources */,
				163D48FA1C37DC6000787BBA /* Main.storyboard in Resources */,
			);
			runOnlyForDeploymentPostprocessing = 0;
		};
		163D49031C37DC6100787BBA /* Resources */ = {
			isa = PBXResourcesBuildPhase;
			buildActionMask = 2147483647;
			files = (
			);
			runOnlyForDeploymentPostprocessing = 0;
		};
		163D490E1C37DC6100787BBA /* Resources */ = {
			isa = PBXResourcesBuildPhase;
			buildActionMask = 2147483647;
			files = (
			);
			runOnlyForDeploymentPostprocessing = 0;
		};
/* End PBXResourcesBuildPhase section */

/* Begin PBXSourcesBuildPhase section */
		163D48E81C37DC6000787BBA /* Sources */ = {
			isa = PBXSourcesBuildPhase;
			buildActionMask = 2147483647;
			files = (
				163D48F41C37DC6000787BBA /* AppDelegate.m in Sources */,
				163D48F11C37DC6000787BBA /* main.m in Sources */,
				163D49241C37DCB600787BBA /* RootViewController.m in Sources */,
			);
			runOnlyForDeploymentPostprocessing = 0;
		};
		163D49011C37DC6100787BBA /* Sources */ = {
			isa = PBXSourcesBuildPhase;
			buildActionMask = 2147483647;
			files = (
				163D490A1C37DC6100787BBA /* TaxCalculatorTests.m in Sources */,
			);
			runOnlyForDeploymentPostprocessing = 0;
		};
		163D490C1C37DC6100787BBA /* Sources */ = {
			isa = PBXSourcesBuildPhase;
			buildActionMask = 2147483647;
			files = (
				163D49151C37DC6100787BBA /* TaxCalculatorUITests.m in Sources */,
			);
			runOnlyForDeploymentPostprocessing = 0;
		};
/* End PBXSourcesBuildPhase section */

/* Begin PBXTargetDependency section */
		163D49071C37DC6100787BBA /* PBXTargetDependency */ = {
			isa = PBXTargetDependency;
			target = 163D48EB1C37DC6000787BBA /* TaxCalculator */;
			targetProxy = 163D49061C37DC6100787BBA /* PBXContainerItemProxy */;
		};
		163D49121C37DC6100787BBA /* PBXTargetDependency */ = {
			isa = PBXTargetDependency;
			target = 163D48EB1C37DC6000787BBA /* TaxCalculator */;
			targetProxy = 163D49111C37DC6100787BBA /* PBXContainerItemProxy */;
		};
/* End PBXTargetDependency section */

/* Begin PBXVariantGroup section */
		163D48F81C37DC6000787BBA /* Main.storyboard */ = {
			isa = PBXVariantGroup;
			children = (
				163D48F91C37DC6000787BBA /* Base */,
			);
			name = Main.storyboard;
			sourceTree = "<group>";
		};
		163D48FD1C37DC6000787BBA /* LaunchScreen.storyboard */ = {
			isa = PBXVariantGroup;
			children = (
				163D48FE1C37DC6000787BBA /* Base */,
			);
			name = LaunchScreen.storyboard;
			sourceTree = "<group>";
		};
/* End PBXVariantGroup section */

/* Begin XCBuildConfiguration section */
		163D49171C37DC6100787BBA /* Debug */ = {
			isa = XCBuildConfiguration;
			buildSettings = {
				ALWAYS_SEARCH_USER_PATHS = NO;
				CLANG_CXX_LANGUAGE_STANDARD = "gnu++0x";
				CLANG_CXX_LIBRARY = "libc++";
				CLANG_ENABLE_MODULES = YES;
				CLANG_ENABLE_OBJC_ARC = YES;
				CLANG_WARN_BOOL_CONVERSION = YES;
				CLANG_WARN_CONSTANT_CONVERSION = YES;
				CLANG_WARN_DIRECT_OBJC_ISA_USAGE = YES_ERROR;
				CLANG_WARN_EMPTY_BODY = YES;
				CLANG_WARN_ENUM_CONVERSION = YES;
				CLANG_WARN_INT_CONVERSION = YES;
				CLANG_WARN_OBJC_ROOT_CLASS = YES_ERROR;
				CLANG_WARN_UNREACHABLE_CODE = YES;
				CLANG_WARN__DUPLICATE_METHOD_MATCH = YES;
				"CODE_SIGN_IDENTITY[sdk=iphoneos*]" = "iPhone Developer";
				COPY_PHASE_STRIP = NO;
				DEBUG_INFORMATION_FORMAT = dwarf;
				ENABLE_STRICT_OBJC_MSGSEND = YES;
				ENABLE_TESTABILITY = YES;
				GCC_C_LANGUAGE_STANDARD = gnu99;
				GCC_DYNAMIC_NO_PIC = NO;
				GCC_NO_COMMON_BLOCKS = YES;
				GCC_OPTIMIZATION_LEVEL = 0;
				GCC_PREPROCESSOR_DEFINITIONS = (
					"DEBUG=1",
					"$(inherited)",
				);
				GCC_WARN_64_TO_32_BIT_CONVERSION = YES;
				GCC_WARN_ABOUT_RETURN_TYPE = YES_ERROR;
				GCC_WARN_UNDECLARED_SELECTOR = YES;
				GCC_WARN_UNINITIALIZED_AUTOS = YES_AGGRESSIVE;
				GCC_WARN_UNUSED_FUNCTION = YES;
				GCC_WARN_UNUSED_VARIABLE = YES;
				IPHONEOS_DEPLOYMENT_TARGET = 9.2;
				MTL_ENABLE_DEBUG_INFO = YES;
				ONLY_ACTIVE_ARCH = YES;
				SDKROOT = iphoneos;
			};
			name = Debug;
		};
		163D49181C37DC6100787BBA /* Release */ = {
			isa = XCBuildConfiguration;
			buildSettings = {
				ALWAYS_SEARCH_USER_PATHS = NO;
				CLANG_CXX_LANGUAGE_STANDARD = "gnu++0x";
				CLANG_CXX_LIBRARY = "libc++";
				CLANG_ENABLE_MODULES = YES;
				CLANG_ENABLE_OBJC_ARC = YES;
				CLANG_WARN_BOOL_CONVERSION = YES;
				CLANG_WARN_CONSTANT_CONVERSION = YES;
				CLANG_WARN_DIRECT_OBJC_ISA_USAGE = YES_ERROR;
				CLANG_WARN_EMPTY_BODY = YES;
				CLANG_WARN_ENUM_CONVERSION = YES;
				CLANG_WARN_INT_CONVERSION = YES;
				CLANG_WARN_OBJC_ROOT_CLASS = YES_ERROR;
				CLANG_WARN_UNREACHABLE_CODE = YES;
				CLANG_WARN__DUPLICATE_METHOD_MATCH = YES;
				"CODE_SIGN_IDENTITY[sdk=iphoneos*]" = "iPhone Developer";
				COPY_PHASE_STRIP = NO;
				DEBUG_INFORMATION_FORMAT = "dwarf-with-dsym";
				ENABLE_NS_ASSERTIONS = NO;
				ENABLE_STRICT_OBJC_MSGSEND = YES;
				GCC_C_LANGUAGE_STANDARD = gnu99;
				GCC_NO_COMMON_BLOCKS = YES;
				GCC_WARN_64_TO_32_BIT_CONVERSION = YES;
				GCC_WARN_ABOUT_RETURN_TYPE = YES_ERROR;
				GCC_WARN_UNDECLARED_SELECTOR = YES;
				GCC_WARN_UNINITIALIZED_AUTOS = YES_AGGRESSIVE;
				GCC_WARN_UNUSED_FUNCTION = YES;
				GCC_WARN_UNUSED_VARIABLE = YES;
				IPHONEOS_DEPLOYMENT_TARGET = 9.2;
				MTL_ENABLE_DEBUG_INFO = NO;
				SDKROOT = iphoneos;
				VALIDATE_PRODUCT = YES;
			};
			name = Release;
		};
		163D491A1C37DC6100787BBA /* Debug */ = {
			isa = XCBuildConfiguration;
			buildSettings = {
				ASSETCATALOG_COMPILER_APPICON_NAME = AppIcon;
				INFOPLIST_FILE = TaxCalculator/Info.plist;
				LD_RUNPATH_SEARCH_PATHS = "$(inherited) @executable_path/Frameworks";
				PRODUCT_BUNDLE_IDENTIFIER = com.nononsense.TaxCalculator;
				PRODUCT_NAME = "$(TARGET_NAME)";
			};
			name = Debug;
		};
		163D491B1C37DC6100787BBA /* Release */ = {
			isa = XCBuildConfiguration;
			buildSettings = {
				ASSETCATALOG_COMPILER_APPICON_NAME = AppIcon;
				INFOPLIST_FILE = TaxCalculator/Info.plist;
				LD_RUNPATH_SEARCH_PATHS = "$(inherited) @executable_path/Frameworks";
				PRODUCT_BUNDLE_IDENTIFIER = com.nononsense.TaxCalculator;
				PRODUCT_NAME = "$(TARGET_NAME)";
			};
			name = Release;
		};
		163D491D1C37DC6100787BBA /* Debug */ = {
			isa = XCBuildConfiguration;
			buildSettings = {
				BUNDLE_LOADER = "$(TEST_HOST)";
				INFOPLIST_FILE = TaxCalculatorTests/Info.plist;
				LD_RUNPATH_SEARCH_PATHS = "$(inherited) @executable_path/Frameworks @loader_path/Frameworks";
				PRODUCT_BUNDLE_IDENTIFIER = com.nononsense.TaxCalculatorTests;
				PRODUCT_NAME = "$(TARGET_NAME)";
				TEST_HOST = "$(BUILT_PRODUCTS_DIR)/TaxCalculator.app/TaxCalculator";
			};
			name = Debug;
		};
		163D491E1C37DC6100787BBA /* Release */ = {
			isa = XCBuildConfiguration;
			buildSettings = {
				BUNDLE_LOADER = "$(TEST_HOST)";
				INFOPLIST_FILE = TaxCalculatorTests/Info.plist;
				LD_RUNPATH_SEARCH_PATHS = "$(inherited) @executable_path/Frameworks @loader_path/Frameworks";
				PRODUCT_BUNDLE_IDENTIFIER = com.nononsense.TaxCalculatorTests;
				PRODUCT_NAME = "$(TARGET_NAME)";
				TEST_HOST = "$(BUILT_PRODUCTS_DIR)/TaxCalculator.app/TaxCalculator";
			};
			name = Release;
		};
		163D49201C37DC6100787BBA /* Debug */ = {
			isa = XCBuildConfiguration;
			buildSettings = {
				INFOPLIST_FILE = TaxCalculatorUITests/Info.plist;
				LD_RUNPATH_SEARCH_PATHS = "$(inherited) @executable_path/Frameworks @loader_path/Frameworks";
				PRODUCT_BUNDLE_IDENTIFIER = com.nononsense.TaxCalculatorUITests;
				PRODUCT_NAME = "$(TARGET_NAME)";
				TEST_TARGET_NAME = TaxCalculator;
				USES_XCTRUNNER = YES;
			};
			name = Debug;
		};
		163D49211C37DC6100787BBA /* Release */ = {
			isa = XCBuildConfiguration;
			buildSettings = {
				INFOPLIST_FILE = TaxCalculatorUITests/Info.plist;
				LD_RUNPATH_SEARCH_PATHS = "$(inherited) @executable_path/Frameworks @loader_path/Frameworks";
				PRODUCT_BUNDLE_IDENTIFIER = com.nononsense.TaxCalculatorUITests;
				PRODUCT_NAME = "$(TARGET_NAME)";
				TEST_TARGET_NAME = TaxCalculator;
				USES_XCTRUNNER = YES;
			};
			name = Release;
		};
/* End XCBuildConfiguration section */

/* Begin XCConfigurationList section */
		163D48E71C37DC6000787BBA /* Build configuration list for PBXProject "TaxCalculator" */ = {
			isa = XCConfigurationList;
			buildConfigurations = (
				163D49171C37DC6100787BBA /* Debug */,
				163D49181C37DC6100787BBA /* Release */,
			);
			defaultConfigurationIsVisible = 0;
			defaultConfigurationName = Release;
		};
		163D49191C37DC6100787BBA /* Build configuration list for PBXNativeTarget "TaxCalculator" */ = {
			isa = XCConfigurationList;
			buildConfigurations = (
				163D491A1C37DC6100787BBA /* Debug */,
				163D491B1C37DC6100787BBA /* Release */,
			);
			defaultConfigurationIsVisible = 0;
		};
		163D491C1C37DC6100787BBA /* Build configuration list for PBXNativeTarget "TaxCalculatorTests" */ = {
			isa = XCConfigurationList;
			buildConfigurations = (
				163D491D1C37DC6100787BBA /* Debug */,
				163D491E1C37DC6100787BBA /* Release */,
			);
			defaultConfigurationIsVisible = 0;
		};
		163D491F1C37DC6100787BBA /* Build configuration list for PBXNativeTarget "TaxCalculatorUITests" */ = {
			isa = XCConfigurationList;
			buildConfigurations = (
				163D49201C37DC6100787BBA /* Debug */,
				163D49211C37DC6100787BBA /* Release */,
			);
			defaultConfigurationIsVisible = 0;
		};
/* End XCConfigurationList section */
	};
	rootObject = 163D48E41C37DC6000787BBA /* Project object */;
}
